# THIS IS AN AUTOGENERATED FILE. DO NOT EDIT THIS FILE DIRECTLY.
# yarn lockfile v1


"@abp/aspnetcore.mvc.ui.theme.leptonxlite@~5.0.1":
  version "5.0.1"
  resolved "https://pkgs.dev.azure.com/uefa/_packaging/UEFA.Design.System/npm/registry/@abp/aspnetcore.mvc.ui.theme.leptonxlite/-/aspnetcore.mvc.ui.theme.leptonxlite-5.0.1.tgz#da337d369e4fbce3e20cc29f664060cbcc4093e9"
  integrity sha1-2jN9Np5PvOPiDMKfZkBgy8xAk+k=
  dependencies:
    "@abp/aspnetcore.mvc.ui.theme.shared" "~10.0.1"

"@abp/aspnetcore.mvc.ui.theme.shared@~10.0.1":
  version "10.0.1"
  resolved "https://pkgs.dev.azure.com/uefa/_packaging/UEFA.Design.System/npm/registry/@abp/aspnetcore.mvc.ui.theme.shared/-/aspnetcore.mvc.ui.theme.shared-10.0.1.tgz#3c525bbc0da2b4e603b609289af623a030953f6d"
  integrity sha1-PFJbvA2itOYDtgkomvYjoDCVP20=
  dependencies:
    "@abp/aspnetcore.mvc.ui" "~10.0.1"
    "@abp/bootstrap" "~10.0.1"
    "@abp/bootstrap-datepicker" "~10.0.1"
    "@abp/bootstrap-daterangepicker" "~10.0.1"
    "@abp/datatables.net-bs5" "~10.0.1"
    "@abp/font-awesome" "~10.0.1"
    "@abp/jquery-form" "~10.0.1"
    "@abp/jquery-validation-unobtrusive" "~10.0.1"
    "@abp/lodash" "~10.0.1"
    "@abp/luxon" "~10.0.1"
    "@abp/malihu-custom-scrollbar-plugin" "~10.0.1"
    "@abp/moment" "~10.0.1"
    "@abp/select2" "~10.0.1"
    "@abp/sweetalert2" "~10.0.1"
    "@abp/timeago" "~10.0.1"

"@abp/aspnetcore.mvc.ui@~10.0.1":
  version "10.0.1"
  resolved "https://pkgs.dev.azure.com/uefa/_packaging/UEFA.Design.System/npm/registry/@abp/aspnetcore.mvc.ui/-/aspnetcore.mvc.ui-10.0.1.tgz#b004dc6313b9320b05f465eeb9e74877766ea0f0"
  integrity sha1-sATcYxO5MgsF9GXuuedId3ZuoPA=
  dependencies:
    ansi-colors "^4.1.3"

"@abp/bootstrap-datepicker@~10.0.1":
  version "10.0.1"
  resolved "https://pkgs.dev.azure.com/uefa/_packaging/UEFA.Design.System/npm/registry/@abp/bootstrap-datepicker/-/bootstrap-datepicker-10.0.1.tgz#5d58e5039e39d84b179a0c343d616ab0fc7c38d4"
  integrity sha1-XVjlA5452EsXmgw0PWFqsPx8ONQ=
  dependencies:
    bootstrap-datepicker "^1.10.1"

"@abp/bootstrap-daterangepicker@~10.0.1":
  version "10.0.1"
  resolved "https://pkgs.dev.azure.com/uefa/_packaging/UEFA.Design.System/npm/registry/@abp/bootstrap-daterangepicker/-/bootstrap-daterangepicker-10.0.1.tgz#8ff88aed898e46c36a3e9601a791cb0fa1134f28"
  integrity sha1-j/iK7YmORsNqPpYBp5HLD6ETTyg=
  dependencies:
    bootstrap-daterangepicker "^3.1.0"

"@abp/bootstrap@~10.0.1":
  version "10.0.1"
  resolved "https://pkgs.dev.azure.com/uefa/_packaging/UEFA.Design.System/npm/registry/@abp/bootstrap/-/bootstrap-10.0.1.tgz#cb857f21814097522fbd7e5c1a36cb22182e9f3e"
  integrity sha1-y4V/IYFAl1IvvX5cGjbLIhgunz4=
  dependencies:
    "@abp/core" "~10.0.1"
    bootstrap "^5.3.8"

"@abp/core@~10.0.1":
  version "10.0.1"
  resolved "https://pkgs.dev.azure.com/uefa/_packaging/UEFA.Design.System/npm/registry/@abp/core/-/core-10.0.1.tgz#c96563310d28137b0ac24efff74a969fa13aa7bb"
  integrity sha1-yWVjMQ0oE3sKwk7/90qWn6E6p7s=
  dependencies:
    "@abp/utils" "~10.0.1"

"@abp/datatables.net-bs5@~10.0.1":
  version "10.0.1"
  resolved "https://pkgs.dev.azure.com/uefa/_packaging/UEFA.Design.System/npm/registry/@abp/datatables.net-bs5/-/datatables.net-bs5-10.0.1.tgz#1b33c14e9dabd0b29cc4d6f05120607a14313d55"
  integrity sha1-GzPBTp2r0LKcxNbwUSBgehQxPVU=
  dependencies:
    "@abp/datatables.net" "~10.0.1"
    datatables.net-bs5 "^2.3.4"

"@abp/datatables.net@~10.0.1":
  version "10.0.1"
  resolved "https://pkgs.dev.azure.com/uefa/_packaging/UEFA.Design.System/npm/registry/@abp/datatables.net/-/datatables.net-10.0.1.tgz#ed45edcb4ee6832f38d4f1a56b5c0e1b126e8b82"
  integrity sha1-7UXty07mgy841PGla1wOGxJui4I=
  dependencies:
    "@abp/jquery" "~10.0.1"
    datatables.net "^2.3.4"

"@abp/font-awesome@~10.0.1":
  version "10.0.1"
  resolved "https://pkgs.dev.azure.com/uefa/_packaging/UEFA.Design.System/npm/registry/@abp/font-awesome/-/font-awesome-10.0.1.tgz#8c75feda6e394143f7e1cbe1ac8fc12b275bafed"
  integrity sha1-jHX+2m45QUP34cvhrI/BKydbr+0=
  dependencies:
    "@abp/core" "~10.0.1"
    "@fortawesome/fontawesome-free" "^7.0.1"

"@abp/jquery-form@~10.0.1":
  version "10.0.1"
  resolved "https://pkgs.dev.azure.com/uefa/_packaging/UEFA.Design.System/npm/registry/@abp/jquery-form/-/jquery-form-10.0.1.tgz#e19c89863e2175a5e5db638ab95f648d2ee18ab3"
  integrity sha1-4ZyJhj4hdaXl22OKuV9kjS7hirM=
  dependencies:
    "@abp/jquery" "~10.0.1"
    jquery-form "^4.3.0"

"@abp/jquery-validation-unobtrusive@~10.0.1":
  version "10.0.1"
  resolved "https://pkgs.dev.azure.com/uefa/_packaging/UEFA.Design.System/npm/registry/@abp/jquery-validation-unobtrusive/-/jquery-validation-unobtrusive-10.0.1.tgz#35d43938c05ed3f6aab67bfd574c82f5e83a277f"
  integrity sha1-NdQ5OMBe0/aqtnv9V0yC9eg6J38=
  dependencies:
    "@abp/jquery-validation" "~10.0.1"
    jquery-validation-unobtrusive "^4.0.0"

"@abp/jquery-validation@~10.0.1":
  version "10.0.1"
  resolved "https://pkgs.dev.azure.com/uefa/_packaging/UEFA.Design.System/npm/registry/@abp/jquery-validation/-/jquery-validation-10.0.1.tgz#20c4c313d9ec73b4dc242729ab3250f747b76b66"
  integrity sha1-IMTDE9nsc7TcJCcpqzJQ90e3a2Y=
  dependencies:
    "@abp/jquery" "~10.0.1"
    jquery-validation "^1.21.0"

"@abp/jquery@~10.0.1":
  version "10.0.1"
  resolved "https://pkgs.dev.azure.com/uefa/_packaging/UEFA.Design.System/npm/registry/@abp/jquery/-/jquery-10.0.1.tgz#fc6fb5fed08e6ab113e0096cd6c00ad10461fef4"
  integrity sha1-/G+1/tCOarET4Als1sAK0QRh/vQ=
  dependencies:
    "@abp/core" "~10.0.1"
    jquery "~3.7.1"

"@abp/lodash@~10.0.1":
  version "10.0.1"
  resolved "https://pkgs.dev.azure.com/uefa/_packaging/UEFA.Design.System/npm/registry/@abp/lodash/-/lodash-10.0.1.tgz#41df6cc6d375ea1e6a5a27745b68b0964bcbc295"
  integrity sha1-Qd9sxtN16h5qWid0W2iwlkvLwpU=
  dependencies:
    "@abp/core" "~10.0.1"
    lodash "^4.17.21"

"@abp/luxon@~10.0.1":
  version "10.0.1"
  resolved "https://pkgs.dev.azure.com/uefa/_packaging/UEFA.Design.System/npm/registry/@abp/luxon/-/luxon-10.0.1.tgz#97c920867775def2bb1628b47507e45388179e40"
  integrity sha1-l8kghnd13vK7Fii0dQfkU4gXnkA=
  dependencies:
    "@abp/core" "~10.0.1"
    luxon "^3.7.2"

"@abp/malihu-custom-scrollbar-plugin@~10.0.1":
  version "10.0.1"
  resolved "https://pkgs.dev.azure.com/uefa/_packaging/UEFA.Design.System/npm/registry/@abp/malihu-custom-scrollbar-plugin/-/malihu-custom-scrollbar-plugin-10.0.1.tgz#53dc824537110f155d00c46b1ffe7c6eff060040"
  integrity sha1-U9yCRTcRDxVdAMRrH/58bv8GAEA=
  dependencies:
    "@abp/core" "~10.0.1"
    malihu-custom-scrollbar-plugin "^3.1.5"

"@abp/moment@~10.0.1":
  version "10.0.1"
  resolved "https://pkgs.dev.azure.com/uefa/_packaging/UEFA.Design.System/npm/registry/@abp/moment/-/moment-10.0.1.tgz#dce2c26602ac9c77ea0209e6a3727a7e9f04f4c4"
  integrity sha1-3OLCZgKsnHfqAgnmo3J6fp8E9MQ=
  dependencies:
    moment "^2.30.1"

"@abp/select2@~10.0.1":
  version "10.0.1"
  resolved "https://pkgs.dev.azure.com/uefa/_packaging/UEFA.Design.System/npm/registry/@abp/select2/-/select2-10.0.1.tgz#df92daf67f46aa2fc884ef84f9da68b1fb8e63d7"
  integrity sha1-35La9n9Gqi/IhO+E+dposfuOY9c=
  dependencies:
    "@abp/core" "~10.0.1"
    select2 "^4.0.13"

"@abp/sweetalert2@~10.0.1":
  version "10.0.1"
  resolved "https://pkgs.dev.azure.com/uefa/_packaging/UEFA.Design.System/npm/registry/@abp/sweetalert2/-/sweetalert2-10.0.1.tgz#a26874fd51ddffeba60f4506eb1a5c914ae3efae"
  integrity sha1-omh0/VHd/+umD0UG6xpckUrj764=
  dependencies:
    "@abp/core" "~10.0.1"
    sweetalert2 "^11.23.0"

"@abp/timeago@~10.0.1":
  version "10.0.1"
  resolved "https://pkgs.dev.azure.com/uefa/_packaging/UEFA.Design.System/npm/registry/@abp/timeago/-/timeago-10.0.1.tgz#6bc36ab7dd3deea114ff1d68dbda908202837cf6"
  integrity sha1-a8Nqt9097qEU/x1o29qQggKDfPY=
  dependencies:
    "@abp/jquery" "~10.0.1"
    timeago "^1.6.7"

"@abp/utils@~10.0.1":
  version "10.0.1"
  resolved "https://pkgs.dev.azure.com/uefa/_packaging/UEFA.Design.System/npm/registry/@abp/utils/-/utils-10.0.1.tgz#0db8713481cb781c3c4d07a150b7f45a65466b50"
  integrity sha1-DbhxNIHLeBw8TQehULf0WmVGa1A=
  dependencies:
    just-compare "^2.3.0"

"@fortawesome/fontawesome-free@^7.0.1":
  version "7.1.0"
  resolved "https://pkgs.dev.azure.com/uefa/_packaging/UEFA.Design.System/npm/registry/@fortawesome/fontawesome-free/-/fontawesome-free-7.1.0.tgz#8eb76278515341720aa74485266f8be121089529"
  integrity sha1-jrdieFFTQXIKp0SFJm+L4SEIlSk=

ansi-colors@^4.1.3:
  version "4.1.3"
  resolved "https://pkgs.dev.azure.com/uefa/_packaging/UEFA.Design.System/npm/registry/ansi-colors/-/ansi-colors-4.1.3.tgz#37611340eb2243e70cc604cad35d63270d48781b"
  integrity sha1-N2ETQOsiQ+cMxgTK011jJw1IeBs=

bootstrap-datepicker@^1.10.1:
  version "1.10.1"
  resolved "https://pkgs.dev.azure.com/uefa/_packaging/UEFA.Design.System/npm/registry/bootstrap-datepicker/-/bootstrap-datepicker-1.10.1.tgz#0a8bec42957ea1ce1272b91bcf2b53696629fb86"
  integrity sha1-CovsQpV+oc4ScrkbzytTaWYp+4Y=
  dependencies:
    jquery ">=3.4.0 <4.0.0"

bootstrap-daterangepicker@^3.1.0:
  version "3.1.0"
  resolved "https://pkgs.dev.azure.com/uefa/_packaging/UEFA.Design.System/npm/registry/bootstrap-daterangepicker/-/bootstrap-daterangepicker-3.1.0.tgz#632e6fb2de4b6360c5c0a9d5f6adb9aace051fe8"
  integrity sha1-Yy5vst5LY2DFwKnV9q25qs4FH+g=
  dependencies:
    jquery ">=1.10"
    moment "^2.9.0"

bootstrap@^5.3.8:
  version "5.3.8"
  resolved "https://pkgs.dev.azure.com/uefa/_packaging/UEFA.Design.System/npm/registry/bootstrap/-/bootstrap-5.3.8.tgz#6401a10057a22752d21f4e19055508980656aeed"
  integrity sha1-ZAGhAFeiJ1LSH04ZBVUImAZWru0=

datatables.net-bs5@^2.3.4:
  version "2.3.6"
  resolved "https://pkgs.dev.azure.com/uefa/_packaging/UEFA.Design.System/npm/registry/datatables.net-bs5/-/datatables.net-bs5-2.3.6.tgz#88e9b015cb3d260f3e874f0f9ad16dc566b997da"
  integrity sha1-iOmwFcs9Jg8+h08PmtFtxWa5l9o=
  dependencies:
    datatables.net "2.3.6"
    jquery ">=1.7"

datatables.net@2.3.6, datatables.net@^2.3.4:
  version "2.3.6"
  resolved "https://pkgs.dev.azure.com/uefa/_packaging/UEFA.Design.System/npm/registry/datatables.net/-/datatables.net-2.3.6.tgz#a11be57a2b50d7231cae2980a8ff1df3c18b7b17"
  integrity sha1-oRvleitQ1yMcrimAqP8d88GLexc=
  dependencies:
    jquery ">=1.7"

jquery-form@^4.3.0:
  version "4.3.0"
  resolved "https://pkgs.dev.azure.com/uefa/_packaging/UEFA.Design.System/npm/registry/jquery-form/-/jquery-form-4.3.0.tgz#7d3961c314a1f2d15298f4af1d3943f54f4149c6"
  integrity sha1-fTlhwxSh8tFSmPSvHTlD9U9BScY=
  dependencies:
    jquery ">=1.7.2"

jquery-mousewheel@>=3.0.6:
  version "3.2.2"
  resolved "https://pkgs.dev.azure.com/uefa/_packaging/UEFA.Design.System/npm/registry/jquery-mousewheel/-/jquery-mousewheel-3.2.2.tgz#48c833f6260ee0c46d438a999e7d0060ec9eed0b"
  integrity sha1-SMgz9iYO4MRtQ4qZnn0AYOye7Qs=
  dependencies:
    jquery ">=1.2.6"

jquery-validation-unobtrusive@^4.0.0:
  version "4.0.0"
  resolved "https://pkgs.dev.azure.com/uefa/_packaging/UEFA.Design.System/npm/registry/jquery-validation-unobtrusive/-/jquery-validation-unobtrusive-4.0.0.tgz#dfcf25a558496a2c883db6021d10f5398d15f99d"
  integrity sha1-388lpVhJaiyIPbYCHRD1OY0V+Z0=
  dependencies:
    jquery "^3.6.0"
    jquery-validation ">=1.19"

jquery-validation@>=1.19, jquery-validation@^1.21.0:
  version "1.21.0"
  resolved "https://pkgs.dev.azure.com/uefa/_packaging/UEFA.Design.System/npm/registry/jquery-validation/-/jquery-validation-1.21.0.tgz#78fc05ab76020912a246af3661b3f54a438bca93"
  integrity sha1-ePwFq3YCCRKiRq82YbP1SkOLypM=

jquery@>=1.10, jquery@>=1.2.6, "jquery@>=1.5.0 <4.0", jquery@>=1.7, jquery@>=1.7.2, "jquery@>=3.4.0 <4.0.0", jquery@^3.6.0, jquery@~3.7.1:
  version "3.7.1"
  resolved "https://pkgs.dev.azure.com/uefa/_packaging/UEFA.Design.System/npm/registry/jquery/-/jquery-3.7.1.tgz#083ef98927c9a6a74d05a6af02806566d16274de"
  integrity sha1-CD75iSfJpqdNBaavAoBlZtFidN4=

just-compare@^2.3.0:
  version "2.3.0"
  resolved "https://pkgs.dev.azure.com/uefa/_packaging/UEFA.Design.System/npm/registry/just-compare/-/just-compare-2.3.0.tgz#a2adcc1d1940536263275f5a1ef1298bcacfeda7"
  integrity sha1-oq3MHRlAU2JjJ19aHvEpi8rP7ac=

lodash@^4.17.21:
  version "4.17.21"
  resolved "https://pkgs.dev.azure.com/uefa/_packaging/UEFA.Design.System/npm/registry/lodash/-/lodash-4.17.21.tgz#679591c564c3bffaae8454cf0b3df370c3d6911c"
  integrity sha1-Z5WRxWTDv/quhFTPCz3zcMPWkRw=

luxon@^3.7.2:
  version "3.7.2"
  resolved "https://pkgs.dev.azure.com/uefa/_packaging/UEFA.Design.System/npm/registry/luxon/-/luxon-3.7.2.tgz#d697e48f478553cca187a0f8436aff468e3ba0ba"
  integrity sha1-1pfkj0eFU8yhh6D4Q2r/Ro47oLo=

malihu-custom-scrollbar-plugin@^3.1.5:
  version "3.1.5"
  resolved "https://pkgs.dev.azure.com/uefa/_packaging/UEFA.Design.System/npm/registry/malihu-custom-scrollbar-plugin/-/malihu-custom-scrollbar-plugin-3.1.5.tgz#310cecc5e59415a1c29e9dfb5d2b6e01d66a29ef"
  integrity sha1-MQzsxeWUFaHCnp37XStuAdZqKe8=
  dependencies:
    jquery-mousewheel ">=3.0.6"

moment@^2.30.1, moment@^2.9.0:
  version "2.30.1"
  resolved "https://pkgs.dev.azure.com/uefa/_packaging/UEFA.Design.System/npm/registry/moment/-/moment-2.30.1.tgz#f8c91c07b7a786e30c59926df530b4eac96974ae"
  integrity sha1-+MkcB7enhuMMWZJt9TC06slpdK4=

select2@^4.0.13:
  version "4.0.13"
  resolved "https://pkgs.dev.azure.com/uefa/_packaging/UEFA.Design.System/npm/registry/select2/-/select2-4.0.13.tgz#0dbe377df3f96167c4c1626033e924372d8ef44d"
  integrity sha1-Db43ffP5YWfEwWJgM+kkNy2O9E0=

sweetalert2@^11.23.0:
  version "11.26.17"
  resolved "https://pkgs.dev.azure.com/uefa/_packaging/UEFA.Design.System/npm/registry/sweetalert2/-/sweetalert2-11.26.17.tgz#be5dd2a9b8d1c3b2672de4de4d172e62f7be3a6d"
  integrity sha1-vl3SqbjRw7JnLeTeTRcuYve+Om0=

timeago@^1.6.7:
  version "1.6.7"
  resolved "https://pkgs.dev.azure.com/uefa/_packaging/UEFA.Design.System/npm/registry/timeago/-/timeago-1.6.7.tgz#afd467c29a911e697fc22a81888c7c3022783cb5"
  integrity sha1-r9RnwpqRHml/wiqBiIx8MCJ4PLU=
  dependencies:
    jquery ">=1.5.0 <4.0"
